
Microsoft Visual Studio Solution File, Format Version 12.00
# Visual Studio Version 17
VisualStudioVersion = 17.8.34511.84
MinimumVisualStudioVersion = 10.0.40219.1
Project("{FAE04EC0-301F-11D3-BF4B-00C04F79EFBC}") = "mvcProject", "mvcProject\mvcProject.csproj", "{95A306DF-A3A9-43BE-8B38-D874EE59E7B8}"
EndProject
Project("{FAE04EC0-301F-11D3-BF4B-00C04F79EFBC}") = "mvcProject.Domain", "mvcProject.Domain\mvcProject.Domain.csproj", "{D24EC0F5-4E52-4405-92C4-69EF16F087EF}"
EndProject
Project("{FAE04EC0-301F-11D3-BF4B-00C04F79EFBC}") = "mvcProject.Application", "mvcProject.Application\mvcProject.Application.csproj", "{BA5BEDD2-943C-4B5A-B311-DFF77E8C00D9}"
EndProject
Project("{FAE04EC0-301F-11D3-BF4B-00C04F79EFBC}") = "mvcProject.Infrastructure", "mvcProject.Infrastructure\mvcProject.Infrastructure.csproj", "{C9CAC998-DF78-489C-A32F-4DD04DD12DD0}"
EndProject
Global
	GlobalSection(SolutionConfigurationPlatforms) = preSolution
		Debug|Any CPU = Debug|Any CPU
		Release|Any CPU = Release|Any CPU
	EndGlobalSection
	GlobalSection(ProjectConfigurationPlatforms) = postSolution
		{95A306DF-A3A9-43BE-8B38-D874EE59E7B8}.Debug|Any CPU.ActiveCfg = Debug|Any CPU
		{95A306DF-A3A9-43BE-8B38-D874EE59E7B8}.Debug|Any CPU.Build.0 = Debug|Any CPU
		{95A306DF-A3A9-43BE-8B38-D874EE59E7B8}.Release|Any CPU.ActiveCfg = Release|Any CPU
		{95A306DF-A3A9-43BE-8B38-D874EE59E7B8}.Release|Any CPU.Build.0 = Release|Any CPU
		{D24EC0F5-4E52-4405-92C4-69EF16F087EF}.Debug|Any CPU.ActiveCfg = Debug|Any CPU
		{D24EC0F5-4E52-4405-92C4-69EF16F087EF}.Debug|Any CPU.Build.0 = Debug|Any CPU
		{D24EC0F5-4E52-4405-92C4-69EF16F087EF}.Release|Any CPU.ActiveCfg = Release|Any CPU
		{D24EC0F5-4E52-4405-92C4-69EF16F087EF}.Release|Any CPU.Build.0 = Release|Any CPU
		{BA5BEDD2-943C-4B5A-B311-DFF77E8C00D9}.Debug|Any CPU.ActiveCfg = Debug|Any CPU
		{BA5BEDD2-943C-4B5A-B311-DFF77E8C00D9}.Debug|Any CPU.Build.0 = Debug|Any CPU
		{BA5BEDD2-943C-4B5A-B311-DFF77E8C00D9}.Release|Any CPU.ActiveCfg = Release|Any CPU
		{BA5BEDD2-943C-4B5A-B311-DFF77E8C00D9}.Release|Any CPU.Build.0 = Release|Any CPU
		{C9CAC998-DF78-489C-A32F-4DD04DD12DD0}.Debug|Any CPU.ActiveCfg = Debug|Any CPU
		{C9CAC998-DF78-489C-A32F-4DD04DD12DD0}.Debug|Any CPU.Build.0 = Debug|Any CPU
		{C9CAC998-DF78-489C-A32F-4DD04DD12DD0}.Release|Any CPU.ActiveCfg = Release|Any CPU
		{C9CAC998-DF78-489C-A32F-4DD04DD12DD0}.Release|Any CPU.Build.0 = Release|Any CPU
	EndGlobalSection
	GlobalSection(SolutionProperties) = preSolution
		HideSolutionNode = FALSE
	EndGlobalSection
	GlobalSection(ExtensibilityGlobals) = postSolution
		SolutionGuid = {1F1E2E57-51B9-4694-B863-11AD561D0920}
	EndGlobalSection
EndGlobal
